// !$*UTF8*$!
{
	archiveVersion = 1;
	classes = {
	};
	objectVersion = 46;
	objects = {

/* Begin PBXBuildFile section */
		B6532BD51C8242720017FE17 /* AppDelegate.swift in Sources */ = {isa = PBXBuildFile; fileRef = B6532BD41C8242720017FE17 /* AppDelegate.swift */; };
		B6532BD71C8242720017FE17 /* ViewController.swift in Sources */ = {isa = PBXBuildFile; fileRef = B6532BD61C8242720017FE17 /* ViewController.swift */; };
		B6532BDA1C8242720017FE17 /* Main.storyboard in Resources */ = {isa = PBXBuildFile; fileRef = B6532BD81C8242720017FE17 /* Main.storyboard */; };
		B6532BDC1C8242720017FE17 /* Assets.xcassets in Resources */ = {isa = PBXBuildFile; fileRef = B6532BDB1C8242720017FE17 /* Assets.xcassets */; };
		B6532BDF1C8242720017FE17 /* LaunchScreen.storyboard in Resources */ = {isa = PBXBuildFile; fileRef = B6532BDD1C8242720017FE17 /* LaunchScreen.storyboard */; };
/* End PBXBuildFile section */

/* Begin PBXFileReference section */
		B6532BD11C8242720017FE17 /* parkinsonsClient.app */ = {isa = PBXFileReference; explicitFileType = wrapper.application; includeInIndex = 0; path = parkinsonsClient.app; sourceTree = BUILT_PRODUCTS_DIR; };
		B6532BD41C8242720017FE17 /* AppDelegate.swift */ = {isa = PBXFileReference; lastKnownFileType = sourcecode.swift; path = AppDelegate.swift; sourceTree = "<group>"; };
		B6532BD61C8242720017FE17 /* ViewController.swift */ = {isa = PBXFileReference; lastKnownFileType = sourcecode.swift; path = ViewController.swift; sourceTree = "<group>"; };
		B6532BD91C8242720017FE17 /* Base */ = {isa = PBXFileReference; lastKnownFileType = file.storyboard; name = Base; path = Base.lproj/Main.storyboard; sourceTree = "<group>"; };
		B6532BDB1C8242720017FE17 /* Assets.xcassets */ = {isa = PBXFileReference; lastKnownFileType = folder.assetcatalog; path = Assets.xcassets; sourceTree = "<group>"; };
		B6532BDE1C8242720017FE17 /* Base */ = {isa = PBXFileReference; lastKnownFileType = file.storyboard; name = Base; path = Base.lproj/LaunchScreen.storyboard; sourceTree = "<group>"; };
		B6532BE01C8242720017FE17 /* Info.plist */ = {isa = PBXFileReference; lastKnownFileType = text.plist.xml; path = Info.plist; sourceTree = "<group>"; };
/* End PBXFileReference section */

/* Begin PBXFrameworksBuildPhase section */
		B6532BCE1C8242720017FE17 /* Frameworks */ = {
			isa = PBXFrameworksBuildPhase;
			buildActionMask = 2147483647;
			files = (
			);
			runOnlyForDeploymentPostprocessing = 0;
		};
/* End PBXFrameworksBuildPhase section */

/* Begin PBXGroup section */
		B6532BC81C8242720017FE17 = {
			isa = PBXGroup;
			children = (
				B6532BD31C8242720017FE17 /* parkinsonsClient */,
				B6532BD21C8242720017FE17 /* Products */,
			);
			sourceTree = "<group>";
		};
		B6532BD21C8242720017FE17 /* Products */ = {
			isa = PBXGroup;
			children = (
				B6532BD11C8242720017FE17 /* parkinsonsClient.app */,
			);
			name = Products;
			sourceTree = "<group>";
		};
		B6532BD31C8242720017FE17 /* parkinsonsClient */ = {
			isa = PBXGroup;
			children = (
				B6532BD41C8242720017FE17 /* AppDelegate.swift */,
				B6532BD61C8242720017FE17 /* ViewController.swift */,
				B6532BD81C8242720017FE17 /* Main.storyboard */,
				B6532BDB1C8242720017FE17 /* Assets.xcassets */,
				B6532BDD1C8242720017FE17 /* LaunchScreen.storyboard */,
				B6532BE01C8242720017FE17 /* Info.plist */,
			);
			path = parkinsonsClient;
			sourceTree = "<group>";
		};
/* End PBXGroup section */

/* Begin PBXNativeTarget section */
		B6532BD01C8242720017FE17 /* parkinsonsClient */ = {
			isa = PBXNativeTarget;
			buildConfigurationList = B6532BE31C8242720017FE17 /* Build configuration list for PBXNativeTarget "parkinsonsClient" */;
			buildPhases = (
				B6532BCD1C8242720017FE17 /* Sources */,
				B6532BCE1C8242720017FE17 /* Frameworks */,
				B6532BCF1C8242720017FE17 /* Resources */,
			);
			buildRules = (
			);
			dependencies = (
			);
			name = parkinsonsClient;
			productName = parkinsonsClient;
			productReference = B6532BD11C8242720017FE17 /* parkinsonsClient.app */;
			productType = "com.apple.product-type.application";
		};
/* End PBXNativeTarget section */

/* Begin PBXProject section */
		B6532BC91C8242720017FE17 /* Project object */ = {
			isa = PBXProject;
			attributes = {
				LastSwiftUpdateCheck = 0720;
				LastUpgradeCheck = 0720;
				ORGANIZATIONNAME = "FP Computer Club";
				TargetAttributes = {
					B6532BD01C8242720017FE17 = {
						CreatedOnToolsVersion = 7.2.1;
						DevelopmentTeam = B8U998V2G6;
					};
				};
			};
			buildConfigurationList = B6532BCC1C8242720017FE17 /* Build configuration list for PBXProject "parkinsonsClient" */;
			compatibilityVersion = "Xcode 3.2";
			developmentRegion = English;
			hasScannedForEncodings = 0;
			knownRegions = (
				en,
				Base,
			);
			mainGroup = B6532BC81C8242720017FE17;
			productRefGroup = B6532BD21C8242720017FE17 /* Products */;
			projectDirPath = "";
			projectRoot = "";
			targets = (
				B6532BD01C8242720017FE17 /* parkinsonsClient */,
			);
		};
/* End PBXProject section */

/* Begin PBXResourcesBuildPhase section */
		B6532BCF1C8242720017FE17 /* Resources */ = {
			isa = PBXResourcesBuildPhase;
			buildActionMask = 2147483647;
			files = (
				B6532BDF1C8242720017FE17 /* LaunchScreen.storyboard in Resources */,
				B6532BDC1C8242720017FE17 /* Assets.xcassets in Resources */,
				B6532BDA1C8242720017FE17 /* Main.storyboard in Resources */,
			);
			runOnlyForDeploymentPostprocessing = 0;
		};
/* End PBXResourcesBuildPhase section */

/* Begin PBXSourcesBuildPhase section */
		B6532BCD1C8242720017FE17 /* Sources */ = {
			isa = PBXSourcesBuildPhase;
			buildActionMask = 2147483647;
			files = (
				B6532BD71C8242720017FE17 /* ViewController.swift in Sources */,
				B6532BD51C8242720017FE17 /* AppDelegate.swift in Sources */,
			);
			runOnlyForDeploymentPostprocessing = 0;
		};
/* End PBXSourcesBuildPhase section */

/* Begin PBXVariantGroup section */
		B6532BD81C8242720017FE17 /* Main.storyboard */ = {
			isa = PBXVariantGroup;
			children = (
				B6532BD91C8242720017FE17 /* Base */,
			);
			name = Main.storyboard;
			sourceTree = "<group>";
		};
		B6532BDD1C8242720017FE17 /* LaunchScreen.storyboard */ = {
			isa = PBXVariantGroup;
			children = (
				B6532BDE1C8242720017FE17 /* Base */,
			);
			name = LaunchScreen.storyboard;
			sourceTree = "<group>";
		};
/* End PBXVariantGroup section */

/* Begin XCBuildConfiguration section */
		B6532BE11C8242720017FE17 /* Debug */ = {
			isa = XCBuildConfiguration;
			buildSettings = {
				ALWAYS_SEARCH_USER_PATHS = NO;
				CLANG_CXX_LANGUAGE_STANDARD = "gnu++0x";
				CLANG_CXX_LIBRARY = "libc++";
				CLANG_ENABLE_MODULES = YES;
				CLANG_ENABLE_OBJC_ARC = YES;
				CLANG_WARN_BOOL_CONVERSION = YES;
				CLANG_WARN_CONSTANT_CONVERSION = YES;
				CLANG_WARN_DIRECT_OBJC_ISA_USAGE = YES_ERROR;
				CLANG_WARN_EMPTY_BODY = YES;
				CLANG_WARN_ENUM_CONVERSION = YES;
				CLANG_WARN_INT_CONVERSION = YES;
				CLANG_WARN_OBJC_ROOT_CLASS = YES_ERROR;
				CLANG_WARN_UNREACHABLE_CODE = YES;
				CLANG_WARN__DUPLICATE_METHOD_MATCH = YES;
				"CODE_SIGN_IDENTITY[sdk=iphoneos*]" = "iPhone Developer";
				COPY_PHASE_STRIP = NO;
				DEBUG_INFORMATION_FORMAT = dwarf;
				ENABLE_STRICT_OBJC_MSGSEND = YES;
				ENABLE_TESTABILITY = YES;
				GCC_C_LANGUAGE_STANDARD = gnu99;
				GCC_DYNAMIC_NO_PIC = NO;
				GCC_NO_COMMON_BLOCKS = YES;
				GCC_OPTIMIZATION_LEVEL = 0;
				GCC_PREPROCESSOR_DEFINITIONS = (
					"DEBUG=1",
					"$(inherited)",
				);
				GCC_WARN_64_TO_32_BIT_CONVERSION = YES;
				GCC_WARN_ABOUT_RETURN_TYPE = YES_ERROR;
				GCC_WARN_UNDECLARED_SELECTOR = YES;
				GCC_WARN_UNINITIALIZED_AUTOS = YES_AGGRESSIVE;
				GCC_WARN_UNUSED_FUNCTION = YES;
				GCC_WARN_UNUSED_VARIABLE = YES;
				IPHONEOS_DEPLOYMENT_TARGET = 9.2;
				MTL_ENABLE_DEBUG_INFO = YES;
				ONLY_ACTIVE_ARCH = YES;
				SDKROOT = iphoneos;
				SWIFT_OPTIMIZATION_LEVEL = "-Onone";
			};
			name = Debug;
		};
		B6532BE21C8242720017FE17 /* Release */ = {
			isa = XCBuildConfiguration;
			buildSettings = {
				ALWAYS_SEARCH_USER_PATHS = NO;
				CLANG_CXX_LANGUAGE_STANDARD = "gnu++0x";
				CLANG_CXX_LIBRARY = "libc++";
				CLANG_ENABLE_MODULES = YES;
				CLANG_ENABLE_OBJC_ARC = YES;
				CLANG_WARN_BOOL_CONVERSION = YES;
				CLANG_WARN_CONSTANT_CONVERSION = YES;
				CLANG_WARN_DIRECT_OBJC_ISA_USAGE = YES_ERROR;
				CLANG_WARN_EMPTY_BODY = YES;
				CLANG_WARN_ENUM_CONVERSION = YES;
				CLANG_WARN_INT_CONVERSION = YES;
				CLANG_WARN_OBJC_ROOT_CLASS = YES_ERROR;
				CLANG_WARN_UNREACHABLE_CODE = YES;
				CLANG_WARN__DUPLICATE_METHOD_MATCH = YES;
				"CODE_SIGN_IDENTITY[sdk=iphoneos*]" = "iPhone Developer";
				COPY_PHASE_STRIP = NO;
				DEBUG_INFORMATION_FORMAT = "dwarf-with-dsym";
				ENABLE_NS_ASSERTIONS = NO;
				ENABLE_STRICT_OBJC_MSGSEND = YES;
				GCC_C_LANGUAGE_STANDARD = gnu99;
				GCC_NO_COMMON_BLOCKS = YES;
				GCC_WARN_64_TO_32_BIT_CONVERSION = YES;
				GCC_WARN_ABOUT_RETURN_TYPE = YES_ERROR;
				GCC_WARN_UNDECLARED_SELECTOR = YES;
				GCC_WARN_UNINITIALIZED_AUTOS = YES_AGGRESSIVE;
				GCC_WARN_UNUSED_FUNCTION = YES;
				GCC_WARN_UNUSED_VARIABLE = YES;
				IPHONEOS_DEPLOYMENT_TARGET = 9.2;
				MTL_ENABLE_DEBUG_INFO = NO;
				SDKROOT = iphoneos;
				VALIDATE_PRODUCT = YES;
			};
			name = Release;
		};
		B6532BE41C8242720017FE17 /* Debug */ = {
			isa = XCBuildConfiguration;
			buildSettings = {
				ASSETCATALOG_COMPILER_APPICON_NAME = AppIcon;
				INFOPLIST_FILE = parkinsonsClient/Info.plist;
				LD_RUNPATH_SEARCH_PATHS = "$(inherited) @executable_path/Frameworks";
				PRODUCT_BUNDLE_IDENTIFIER = fpComputerClub.parkinsonsClient;
				PRODUCT_NAME = "$(TARGET_NAME)";
			};
			name = Debug;
		};
		B6532BE51C8242720017FE17 /* Release */ = {
			isa = XCBuildConfiguration;
			buildSettings = {
				ASSETCATALOG_COMPILER_APPICON_NAME = AppIcon;
				INFOPLIST_FILE = parkinsonsClient/Info.plist;
				LD_RUNPATH_SEARCH_PATHS = "$(inherited) @executable_path/Frameworks";
				PRODUCT_BUNDLE_IDENTIFIER = fpComputerClub.parkinsonsClient;
				PRODUCT_NAME = "$(TARGET_NAME)";
			};
			name = Release;
		};
/* End XCBuildConfiguration section */

/* Begin XCConfigurationList section */
		B6532BCC1C8242720017FE17 /* Build configuration list for PBXProject "parkinsonsClient" */ = {
			isa = XCConfigurationList;
			buildConfigurations = (
				B6532BE11C8242720017FE17 /* Debug */,
				B6532BE21C8242720017FE17 /* Release */,
			);
			defaultConfigurationIsVisible = 0;
			defaultConfigurationName = Release;
		};
		B6532BE31C8242720017FE17 /* Build configuration list for PBXNativeTarget "parkinsonsClient" */ = {
			isa = XCConfigurationList;
			buildConfigurations = (
				B6532BE41C8242720017FE17 /* Debug */,
				B6532BE51C8242720017FE17 /* Release */,
			);
			defaultConfigurationIsVisible = 0;
		};
/* End XCConfigurationList section */
	};
	rootObject = B6532BC91C8242720017FE17 /* Project object */;
}
