// !$*UTF8*$!
{
	archiveVersion = 1;
	classes = {
	};
	objectVersion = 46;
	objects = {

/* Begin PBXBuildFile section */
		A23EEF1F3265055420210A95 /* Pods_parkinsonsClient.framework in Frameworks */ = {isa = PBXBuildFile; fileRef = AE654EBA89D157E294DCF562 /* Pods_parkinsonsClient.framework */; };
		B60089721CBC9A4C003BADD3 /* PatientRegisterTableViewController.swift in Sources */ = {isa = PBXBuildFile; fileRef = B60089711CBC9A4C003BADD3 /* PatientRegisterTableViewController.swift */; };
		B60089741CBC9F32003BADD3 /* DoctorRegisterTableViewController.swift in Sources */ = {isa = PBXBuildFile; fileRef = B60089731CBC9F32003BADD3 /* DoctorRegisterTableViewController.swift */; };
		B64C6F911CBCC09B006D83EC /* PatientLoginViewController.swift in Sources */ = {isa = PBXBuildFile; fileRef = B64C6F901CBCC09B006D83EC /* PatientLoginViewController.swift */; };
		B64C6F931CBCC185006D83EC /* DoctorLoginViewController.swift in Sources */ = {isa = PBXBuildFile; fileRef = B64C6F921CBCC185006D83EC /* DoctorLoginViewController.swift */; };
		B6532BD51C8242720017FE17 /* AppDelegate.swift in Sources */ = {isa = PBXBuildFile; fileRef = B6532BD41C8242720017FE17 /* AppDelegate.swift */; };
		B6532BD71C8242720017FE17 /* ViewController.swift in Sources */ = {isa = PBXBuildFile; fileRef = B6532BD61C8242720017FE17 /* ViewController.swift */; };
		B6532BDA1C8242720017FE17 /* Main.storyboard in Resources */ = {isa = PBXBuildFile; fileRef = B6532BD81C8242720017FE17 /* Main.storyboard */; };
		B6532BDC1C8242720017FE17 /* Assets.xcassets in Resources */ = {isa = PBXBuildFile; fileRef = B6532BDB1C8242720017FE17 /* Assets.xcassets */; };
		B6532BDF1C8242720017FE17 /* LaunchScreen.storyboard in Resources */ = {isa = PBXBuildFile; fileRef = B6532BDD1C8242720017FE17 /* LaunchScreen.storyboard */; };
		B6779B081CB8D522000ADF5D /* NegativeViewController.swift in Sources */ = {isa = PBXBuildFile; fileRef = B6779B071CB8D522000ADF5D /* NegativeViewController.swift */; };
		B6779B0A1CB97E4C000ADF5D /* ContributeViewController.swift in Sources */ = {isa = PBXBuildFile; fileRef = B6779B091CB97E4C000ADF5D /* ContributeViewController.swift */; };
		B6779B0E1CB9A734000ADF5D /* PreRegistrationViewController.swift in Sources */ = {isa = PBXBuildFile; fileRef = B6779B0D1CB9A734000ADF5D /* PreRegistrationViewController.swift */; };
		B6A5F3671CB58658000D8449 /* theRealCode.swift in Sources */ = {isa = PBXBuildFile; fileRef = B6A5F3661CB58658000D8449 /* theRealCode.swift */; };
		B6A5F3691CB5FAF7000D8449 /* TutorialPageViewController.swift in Sources */ = {isa = PBXBuildFile; fileRef = B6A5F3681CB5FAF7000D8449 /* TutorialPageViewController.swift */; };
/* End PBXBuildFile section */

/* Begin PBXCopyFilesBuildPhase section */
		B6ED73201C825FF300C70716 /* Embed Frameworks */ = {
			isa = PBXCopyFilesBuildPhase;
			buildActionMask = 2147483647;
			dstPath = "";
			dstSubfolderSpec = 10;
			files = (
			);
			name = "Embed Frameworks";
			runOnlyForDeploymentPostprocessing = 0;
		};
/* End PBXCopyFilesBuildPhase section */

/* Begin PBXFileReference section */
		A9F00E82064B90EC0B31D8F3 /* Pods-parkinsonsClient.release.xcconfig */ = {isa = PBXFileReference; includeInIndex = 1; lastKnownFileType = text.xcconfig; name = "Pods-parkinsonsClient.release.xcconfig"; path = "Pods/Target Support Files/Pods-parkinsonsClient/Pods-parkinsonsClient.release.xcconfig"; sourceTree = "<group>"; };
		AE654EBA89D157E294DCF562 /* Pods_parkinsonsClient.framework */ = {isa = PBXFileReference; explicitFileType = wrapper.framework; includeInIndex = 0; path = Pods_parkinsonsClient.framework; sourceTree = BUILT_PRODUCTS_DIR; };
		B60089711CBC9A4C003BADD3 /* PatientRegisterTableViewController.swift */ = {isa = PBXFileReference; fileEncoding = 4; lastKnownFileType = sourcecode.swift; path = PatientRegisterTableViewController.swift; sourceTree = "<group>"; };
		B60089731CBC9F32003BADD3 /* DoctorRegisterTableViewController.swift */ = {isa = PBXFileReference; fileEncoding = 4; lastKnownFileType = sourcecode.swift; path = DoctorRegisterTableViewController.swift; sourceTree = "<group>"; };
		B64C6F901CBCC09B006D83EC /* PatientLoginViewController.swift */ = {isa = PBXFileReference; fileEncoding = 4; lastKnownFileType = sourcecode.swift; path = PatientLoginViewController.swift; sourceTree = "<group>"; };
		B64C6F921CBCC185006D83EC /* DoctorLoginViewController.swift */ = {isa = PBXFileReference; fileEncoding = 4; lastKnownFileType = sourcecode.swift; path = DoctorLoginViewController.swift; sourceTree = "<group>"; };
		B6532BD11C8242720017FE17 /* parkinsonsClient.app */ = {isa = PBXFileReference; explicitFileType = wrapper.application; includeInIndex = 0; path = parkinsonsClient.app; sourceTree = BUILT_PRODUCTS_DIR; };
		B6532BD41C8242720017FE17 /* AppDelegate.swift */ = {isa = PBXFileReference; lastKnownFileType = sourcecode.swift; path = AppDelegate.swift; sourceTree = "<group>"; };
		B6532BD61C8242720017FE17 /* ViewController.swift */ = {isa = PBXFileReference; lastKnownFileType = sourcecode.swift; path = ViewController.swift; sourceTree = "<group>"; };
		B6532BD91C8242720017FE17 /* Base */ = {isa = PBXFileReference; lastKnownFileType = file.storyboard; name = Base; path = Base.lproj/Main.storyboard; sourceTree = "<group>"; };
		B6532BDB1C8242720017FE17 /* Assets.xcassets */ = {isa = PBXFileReference; lastKnownFileType = folder.assetcatalog; path = Assets.xcassets; sourceTree = "<group>"; };
		B6532BDE1C8242720017FE17 /* Base */ = {isa = PBXFileReference; lastKnownFileType = file.storyboard; name = Base; path = Base.lproj/LaunchScreen.storyboard; sourceTree = "<group>"; };
		B6532BE01C8242720017FE17 /* Info.plist */ = {isa = PBXFileReference; lastKnownFileType = text.plist.xml; path = Info.plist; sourceTree = "<group>"; };
		B6779B071CB8D522000ADF5D /* NegativeViewController.swift */ = {isa = PBXFileReference; fileEncoding = 4; lastKnownFileType = sourcecode.swift; path = NegativeViewController.swift; sourceTree = "<group>"; };
		B6779B091CB97E4C000ADF5D /* ContributeViewController.swift */ = {isa = PBXFileReference; fileEncoding = 4; lastKnownFileType = sourcecode.swift; path = ContributeViewController.swift; sourceTree = "<group>"; };
		B6779B0D1CB9A734000ADF5D /* PreRegistrationViewController.swift */ = {isa = PBXFileReference; fileEncoding = 4; lastKnownFileType = sourcecode.swift; path = PreRegistrationViewController.swift; sourceTree = "<group>"; };
		B6A5F3661CB58658000D8449 /* theRealCode.swift */ = {isa = PBXFileReference; fileEncoding = 4; lastKnownFileType = sourcecode.swift; path = theRealCode.swift; sourceTree = "<group>"; };
		B6A5F3681CB5FAF7000D8449 /* TutorialPageViewController.swift */ = {isa = PBXFileReference; fileEncoding = 4; lastKnownFileType = sourcecode.swift; path = TutorialPageViewController.swift; sourceTree = "<group>"; };
		B6ED73211C8260FE00C70716 /* Alamofire.framework */ = {isa = PBXFileReference; lastKnownFileType = wrapper.framework; name = Alamofire.framework; path = "Pods/../build/Debug-iphoneos/Alamofire.framework"; sourceTree = "<group>"; };
		E57849B501ED1386723BEC30 /* Pods-parkinsonsClient.debug.xcconfig */ = {isa = PBXFileReference; includeInIndex = 1; lastKnownFileType = text.xcconfig; name = "Pods-parkinsonsClient.debug.xcconfig"; path = "Pods/Target Support Files/Pods-parkinsonsClient/Pods-parkinsonsClient.debug.xcconfig"; sourceTree = "<group>"; };
/* End PBXFileReference section */

/* Begin PBXFrameworksBuildPhase section */
		B6532BCE1C8242720017FE17 /* Frameworks */ = {
			isa = PBXFrameworksBuildPhase;
			buildActionMask = 2147483647;
			files = (
				A23EEF1F3265055420210A95 /* Pods_parkinsonsClient.framework in Frameworks */,
			);
			runOnlyForDeploymentPostprocessing = 0;
		};
/* End PBXFrameworksBuildPhase section */

/* Begin PBXGroup section */
		3F1693375D05A5B9C08904F8 /* Pods */ = {
			isa = PBXGroup;
			children = (
				E57849B501ED1386723BEC30 /* Pods-parkinsonsClient.debug.xcconfig */,
				A9F00E82064B90EC0B31D8F3 /* Pods-parkinsonsClient.release.xcconfig */,
			);
			name = Pods;
			sourceTree = "<group>";
		};
		5F3A40203AE2D29316FABC7A /* Frameworks */ = {
			isa = PBXGroup;
			children = (
				B6ED73211C8260FE00C70716 /* Alamofire.framework */,
				AE654EBA89D157E294DCF562 /* Pods_parkinsonsClient.framework */,
			);
			name = Frameworks;
			sourceTree = "<group>";
		};
		B6532BC81C8242720017FE17 = {
			isa = PBXGroup;
			children = (
				B6532BD31C8242720017FE17 /* parkinsonsClient */,
				B6532BD21C8242720017FE17 /* Products */,
				5F3A40203AE2D29316FABC7A /* Frameworks */,
				3F1693375D05A5B9C08904F8 /* Pods */,
			);
			sourceTree = "<group>";
		};
		B6532BD21C8242720017FE17 /* Products */ = {
			isa = PBXGroup;
			children = (
				B6532BD11C8242720017FE17 /* parkinsonsClient.app */,
			);
			name = Products;
			sourceTree = "<group>";
		};
		B6532BD31C8242720017FE17 /* parkinsonsClient */ = {
			isa = PBXGroup;
			children = (
				B6532BD41C8242720017FE17 /* AppDelegate.swift */,
				B6532BD61C8242720017FE17 /* ViewController.swift */,
				B6A5F3681CB5FAF7000D8449 /* TutorialPageViewController.swift */,
				B6779B071CB8D522000ADF5D /* NegativeViewController.swift */,
				B6779B091CB97E4C000ADF5D /* ContributeViewController.swift */,
				B6779B0D1CB9A734000ADF5D /* PreRegistrationViewController.swift */,
				B64C6F901CBCC09B006D83EC /* PatientLoginViewController.swift */,
				B6532BD81C8242720017FE17 /* Main.storyboard */,
				B64C6F921CBCC185006D83EC /* DoctorLoginViewController.swift */,
				B60089711CBC9A4C003BADD3 /* PatientRegisterTableViewController.swift */,
				B60089731CBC9F32003BADD3 /* DoctorRegisterTableViewController.swift */,
				B6A5F3661CB58658000D8449 /* theRealCode.swift */,
				B6532BDB1C8242720017FE17 /* Assets.xcassets */,
				B6532BDD1C8242720017FE17 /* LaunchScreen.storyboard */,
				B6532BE01C8242720017FE17 /* Info.plist */,
			);
			path = parkinsonsClient;
			sourceTree = "<group>";
		};
/* End PBXGroup section */

/* Begin PBXNativeTarget section */
		B6532BD01C8242720017FE17 /* parkinsonsClient */ = {
			isa = PBXNativeTarget;
			buildConfigurationList = B6532BE31C8242720017FE17 /* Build configuration list for PBXNativeTarget "parkinsonsClient" */;
			buildPhases = (
				A4215E6BF01F330655DE6A25 /* Check Pods Manifest.lock */,
				B6532BCD1C8242720017FE17 /* Sources */,
				B6532BCE1C8242720017FE17 /* Frameworks */,
				B6532BCF1C8242720017FE17 /* Resources */,
				7FB3B39EA12EA80852C86826 /* Embed Pods Frameworks */,
				FF276CC4073DAAEED5268F4E /* Copy Pods Resources */,
				B6ED73201C825FF300C70716 /* Embed Frameworks */,
			);
			buildRules = (
			);
			dependencies = (
			);
			name = parkinsonsClient;
			productName = parkinsonsClient;
			productReference = B6532BD11C8242720017FE17 /* parkinsonsClient.app */;
			productType = "com.apple.product-type.application";
		};
/* End PBXNativeTarget section */

/* Begin PBXProject section */
		B6532BC91C8242720017FE17 /* Project object */ = {
			isa = PBXProject;
			attributes = {
				LastSwiftUpdateCheck = 0720;
				LastUpgradeCheck = 0720;
				ORGANIZATIONNAME = "FP Computer Club";
				TargetAttributes = {
					B6532BD01C8242720017FE17 = {
						CreatedOnToolsVersion = 7.2.1;
						DevelopmentTeam = B8U998V2G6;
					};
				};
			};
			buildConfigurationList = B6532BCC1C8242720017FE17 /* Build configuration list for PBXProject "parkinsonsClient" */;
			compatibilityVersion = "Xcode 3.2";
			developmentRegion = English;
			hasScannedForEncodings = 0;
			knownRegions = (
				en,
				Base,
			);
			mainGroup = B6532BC81C8242720017FE17;
			productRefGroup = B6532BD21C8242720017FE17 /* Products */;
			projectDirPath = "";
			projectRoot = "";
			targets = (
				B6532BD01C8242720017FE17 /* parkinsonsClient */,
			);
		};
/* End PBXProject section */

/* Begin PBXResourcesBuildPhase section */
		B6532BCF1C8242720017FE17 /* Resources */ = {
			isa = PBXResourcesBuildPhase;
			buildActionMask = 2147483647;
			files = (
				B6532BDF1C8242720017FE17 /* LaunchScreen.storyboard in Resources */,
				B6532BDC1C8242720017FE17 /* Assets.xcassets in Resources */,
				B6532BDA1C8242720017FE17 /* Main.storyboard in Resources */,
			);
			runOnlyForDeploymentPostprocessing = 0;
		};
/* End PBXResourcesBuildPhase section */

/* Begin PBXShellScriptBuildPhase section */
		7FB3B39EA12EA80852C86826 /* Embed Pods Frameworks */ = {
			isa = PBXShellScriptBuildPhase;
			buildActionMask = 2147483647;
			files = (
			);
			inputPaths = (
			);
			name = "Embed Pods Frameworks";
			outputPaths = (
			);
			runOnlyForDeploymentPostprocessing = 0;
			shellPath = /bin/sh;
			shellScript = "\"${SRCROOT}/Pods/Target Support Files/Pods-parkinsonsClient/Pods-parkinsonsClient-frameworks.sh\"\n";
			showEnvVarsInLog = 0;
		};
		A4215E6BF01F330655DE6A25 /* Check Pods Manifest.lock */ = {
			isa = PBXShellScriptBuildPhase;
			buildActionMask = 2147483647;
			files = (
			);
			inputPaths = (
			);
			name = "Check Pods Manifest.lock";
			outputPaths = (
			);
			runOnlyForDeploymentPostprocessing = 0;
			shellPath = /bin/sh;
			shellScript = "diff \"${PODS_ROOT}/../Podfile.lock\" \"${PODS_ROOT}/Manifest.lock\" > /dev/null\nif [[ $? != 0 ]] ; then\n    cat << EOM\nerror: The sandbox is not in sync with the Podfile.lock. Run 'pod install' or update your CocoaPods installation.\nEOM\n    exit 1\nfi\n";
			showEnvVarsInLog = 0;
		};
		FF276CC4073DAAEED5268F4E /* Copy Pods Resources */ = {
			isa = PBXShellScriptBuildPhase;
			buildActionMask = 2147483647;
			files = (
			);
			inputPaths = (
			);
			name = "Copy Pods Resources";
			outputPaths = (
			);
			runOnlyForDeploymentPostprocessing = 0;
			shellPath = /bin/sh;
			shellScript = "\"${SRCROOT}/Pods/Target Support Files/Pods-parkinsonsClient/Pods-parkinsonsClient-resources.sh\"\n";
			showEnvVarsInLog = 0;
		};
/* End PBXShellScriptBuildPhase section */

/* Begin PBXSourcesBuildPhase section */
		B6532BCD1C8242720017FE17 /* Sources */ = {
			isa = PBXSourcesBuildPhase;
			buildActionMask = 2147483647;
			files = (
				B6532BD71C8242720017FE17 /* ViewController.swift in Sources */,
				B64C6F931CBCC185006D83EC /* DoctorLoginViewController.swift in Sources */,
				B6779B0A1CB97E4C000ADF5D /* ContributeViewController.swift in Sources */,
				B64C6F911CBCC09B006D83EC /* PatientLoginViewController.swift in Sources */,
				B60089721CBC9A4C003BADD3 /* PatientRegisterTableViewController.swift in Sources */,
				B6A5F3691CB5FAF7000D8449 /* TutorialPageViewController.swift in Sources */,
				B60089741CBC9F32003BADD3 /* DoctorRegisterTableViewController.swift in Sources */,
				B6779B081CB8D522000ADF5D /* NegativeViewController.swift in Sources */,
				B6A5F3671CB58658000D8449 /* theRealCode.swift in Sources */,
				B6532BD51C8242720017FE17 /* AppDelegate.swift in Sources */,
				B6779B0E1CB9A734000ADF5D /* PreRegistrationViewController.swift in Sources */,
			);
			runOnlyForDeploymentPostprocessing = 0;
		};
/* End PBXSourcesBuildPhase section */

/* Begin PBXVariantGroup section */
		B6532BD81C8242720017FE17 /* Main.storyboard */ = {
			isa = PBXVariantGroup;
			children = (
				B6532BD91C8242720017FE17 /* Base */,
			);
			name = Main.storyboard;
			sourceTree = "<group>";
		};
		B6532BDD1C8242720017FE17 /* LaunchScreen.storyboard */ = {
			isa = PBXVariantGroup;
			children = (
				B6532BDE1C8242720017FE17 /* Base */,
			);
			name = LaunchScreen.storyboard;
			sourceTree = "<group>";
		};
/* End PBXVariantGroup section */

/* Begin XCBuildConfiguration section */
		B6532BE11C8242720017FE17 /* Debug */ = {
			isa = XCBuildConfiguration;
			buildSettings = {
				ALWAYS_SEARCH_USER_PATHS = NO;
				CLANG_CXX_LANGUAGE_STANDARD = "gnu++0x";
				CLANG_CXX_LIBRARY = "libc++";
				CLANG_ENABLE_MODULES = YES;
				CLANG_ENABLE_OBJC_ARC = YES;
				CLANG_WARN_BOOL_CONVERSION = YES;
				CLANG_WARN_CONSTANT_CONVERSION = YES;
				CLANG_WARN_DIRECT_OBJC_ISA_USAGE = YES_ERROR;
				CLANG_WARN_EMPTY_BODY = YES;
				CLANG_WARN_ENUM_CONVERSION = YES;
				CLANG_WARN_INT_CONVERSION = YES;
				CLANG_WARN_OBJC_ROOT_CLASS = YES_ERROR;
				CLANG_WARN_UNREACHABLE_CODE = YES;
				CLANG_WARN__DUPLICATE_METHOD_MATCH = YES;
				"CODE_SIGN_IDENTITY[sdk=iphoneos*]" = "iPhone Developer";
				COPY_PHASE_STRIP = NO;
				DEBUG_INFORMATION_FORMAT = dwarf;
				ENABLE_STRICT_OBJC_MSGSEND = YES;
				ENABLE_TESTABILITY = YES;
				GCC_C_LANGUAGE_STANDARD = gnu99;
				GCC_DYNAMIC_NO_PIC = NO;
				GCC_NO_COMMON_BLOCKS = YES;
				GCC_OPTIMIZATION_LEVEL = 0;
				GCC_PREPROCESSOR_DEFINITIONS = (
					"DEBUG=1",
					"$(inherited)",
				);
				GCC_WARN_64_TO_32_BIT_CONVERSION = YES;
				GCC_WARN_ABOUT_RETURN_TYPE = YES_ERROR;
				GCC_WARN_UNDECLARED_SELECTOR = YES;
				GCC_WARN_UNINITIALIZED_AUTOS = YES_AGGRESSIVE;
				GCC_WARN_UNUSED_FUNCTION = YES;
				GCC_WARN_UNUSED_VARIABLE = YES;
				IPHONEOS_DEPLOYMENT_TARGET = 9.2;
				MTL_ENABLE_DEBUG_INFO = YES;
				ONLY_ACTIVE_ARCH = YES;
				SDKROOT = iphoneos;
				SWIFT_OPTIMIZATION_LEVEL = "-Onone";
			};
			name = Debug;
		};
		B6532BE21C8242720017FE17 /* Release */ = {
			isa = XCBuildConfiguration;
			buildSettings = {
				ALWAYS_SEARCH_USER_PATHS = NO;
				CLANG_CXX_LANGUAGE_STANDARD = "gnu++0x";
				CLANG_CXX_LIBRARY = "libc++";
				CLANG_ENABLE_MODULES = YES;
				CLANG_ENABLE_OBJC_ARC = YES;
				CLANG_WARN_BOOL_CONVERSION = YES;
				CLANG_WARN_CONSTANT_CONVERSION = YES;
				CLANG_WARN_DIRECT_OBJC_ISA_USAGE = YES_ERROR;
				CLANG_WARN_EMPTY_BODY = YES;
				CLANG_WARN_ENUM_CONVERSION = YES;
				CLANG_WARN_INT_CONVERSION = YES;
				CLANG_WARN_OBJC_ROOT_CLASS = YES_ERROR;
				CLANG_WARN_UNREACHABLE_CODE = YES;
				CLANG_WARN__DUPLICATE_METHOD_MATCH = YES;
				"CODE_SIGN_IDENTITY[sdk=iphoneos*]" = "iPhone Developer";
				COPY_PHASE_STRIP = NO;
				DEBUG_INFORMATION_FORMAT = "dwarf-with-dsym";
				ENABLE_NS_ASSERTIONS = NO;
				ENABLE_STRICT_OBJC_MSGSEND = YES;
				GCC_C_LANGUAGE_STANDARD = gnu99;
				GCC_NO_COMMON_BLOCKS = YES;
				GCC_WARN_64_TO_32_BIT_CONVERSION = YES;
				GCC_WARN_ABOUT_RETURN_TYPE = YES_ERROR;
				GCC_WARN_UNDECLARED_SELECTOR = YES;
				GCC_WARN_UNINITIALIZED_AUTOS = YES_AGGRESSIVE;
				GCC_WARN_UNUSED_FUNCTION = YES;
				GCC_WARN_UNUSED_VARIABLE = YES;
				IPHONEOS_DEPLOYMENT_TARGET = 9.2;
				MTL_ENABLE_DEBUG_INFO = NO;
				SDKROOT = iphoneos;
				VALIDATE_PRODUCT = YES;
			};
			name = Release;
		};
		B6532BE41C8242720017FE17 /* Debug */ = {
			isa = XCBuildConfiguration;
			baseConfigurationReference = E57849B501ED1386723BEC30 /* Pods-parkinsonsClient.debug.xcconfig */;
			buildSettings = {
				ASSETCATALOG_COMPILER_APPICON_NAME = AppIcon;
				CODE_SIGN_IDENTITY = "iPhone Developer";
				"CODE_SIGN_IDENTITY[sdk=iphoneos*]" = "iPhone Developer";
				EMBEDDED_CONTENT_CONTAINS_SWIFT = YES;
				FRAMEWORK_SEARCH_PATHS = (
					"$(inherited)",
					"$(PROJECT_DIR)/build/Debug-iphoneos",
				);
				INFOPLIST_FILE = parkinsonsClient/Info.plist;
				LD_RUNPATH_SEARCH_PATHS = "$(inherited) @executable_path/Frameworks";
				PRODUCT_BUNDLE_IDENTIFIER = fpComputerClub.parkinsonsClientdesktop;
				PRODUCT_NAME = "$(TARGET_NAME)";
				PROVISIONING_PROFILE = "";
			};
			name = Debug;
		};
		B6532BE51C8242720017FE17 /* Release */ = {
			isa = XCBuildConfiguration;
			baseConfigurationReference = A9F00E82064B90EC0B31D8F3 /* Pods-parkinsonsClient.release.xcconfig */;
			buildSettings = {
				ASSETCATALOG_COMPILER_APPICON_NAME = AppIcon;
				CODE_SIGN_IDENTITY = "iPhone Developer";
				"CODE_SIGN_IDENTITY[sdk=iphoneos*]" = "iPhone Developer";
				EMBEDDED_CONTENT_CONTAINS_SWIFT = YES;
				FRAMEWORK_SEARCH_PATHS = (
					"$(inherited)",
					"$(PROJECT_DIR)/build/Debug-iphoneos",
				);
				INFOPLIST_FILE = parkinsonsClient/Info.plist;
				LD_RUNPATH_SEARCH_PATHS = "$(inherited) @executable_path/Frameworks";
				PRODUCT_BUNDLE_IDENTIFIER = fpComputerClub.parkinsonsClientdesktop;
				PRODUCT_NAME = "$(TARGET_NAME)";
				PROVISIONING_PROFILE = "";
			};
			name = Release;
		};
/* End XCBuildConfiguration section */

/* Begin XCConfigurationList section */
		B6532BCC1C8242720017FE17 /* Build configuration list for PBXProject "parkinsonsClient" */ = {
			isa = XCConfigurationList;
			buildConfigurations = (
				B6532BE11C8242720017FE17 /* Debug */,
				B6532BE21C8242720017FE17 /* Release */,
			);
			defaultConfigurationIsVisible = 0;
			defaultConfigurationName = Release;
		};
		B6532BE31C8242720017FE17 /* Build configuration list for PBXNativeTarget "parkinsonsClient" */ = {
			isa = XCConfigurationList;
			buildConfigurations = (
				B6532BE41C8242720017FE17 /* Debug */,
				B6532BE51C8242720017FE17 /* Release */,
			);
			defaultConfigurationIsVisible = 0;
			defaultConfigurationName = Release;
		};
/* End XCConfigurationList section */
	};
	rootObject = B6532BC91C8242720017FE17 /* Project object */;
}
